
Microsoft Visual Studio Solution File, Format Version 12.00
# Visual Studio Version 17
VisualStudioVersion = 17.1.32328.378
MinimumVisualStudioVersion = 10.0.40219.1
Project("{FAE04EC0-301F-11D3-BF4B-00C04F79EFBC}") = "Loja_OnlineWeb", "Loja_OnlineWeb\Loja_OnlineWeb.csproj", "{D670745E-303D-435A-817C-2166F5D4EDC3}"
EndProject
Project("{FAE04EC0-301F-11D3-BF4B-00C04F79EFBC}") = "ClassEntities", "ClassEntities\ClassEntities.csproj", "{3045837F-1B24-4952-AB44-3A2AAF6522F7}"
EndProject
Project("{FAE04EC0-301F-11D3-BF4B-00C04F79EFBC}") = "ClassDataBase", "ClassDataBase\ClassDataBase.csproj", "{06C9559A-09B6-4BEC-AA81-6E552CD9B55F}"
EndProject
Project("{FAE04EC0-301F-11D3-BF4B-00C04F79EFBC}") = "ClassServices", "ClassServices\ClassServices.csproj", "{5D6DF89C-3E95-41C2-B59F-39184E157F5A}"
EndProject
Global
	GlobalSection(SolutionConfigurationPlatforms) = preSolution
		Debug|Any CPU = Debug|Any CPU
		Release|Any CPU = Release|Any CPU
	EndGlobalSection
	GlobalSection(ProjectConfigurationPlatforms) = postSolution
		{D670745E-303D-435A-817C-2166F5D4EDC3}.Debug|Any CPU.ActiveCfg = Debug|Any CPU
		{D670745E-303D-435A-817C-2166F5D4EDC3}.Debug|Any CPU.Build.0 = Debug|Any CPU
		{D670745E-303D-435A-817C-2166F5D4EDC3}.Release|Any CPU.ActiveCfg = Release|Any CPU
		{D670745E-303D-435A-817C-2166F5D4EDC3}.Release|Any CPU.Build.0 = Release|Any CPU
		{3045837F-1B24-4952-AB44-3A2AAF6522F7}.Debug|Any CPU.ActiveCfg = Debug|Any CPU
		{3045837F-1B24-4952-AB44-3A2AAF6522F7}.Debug|Any CPU.Build.0 = Debug|Any CPU
		{3045837F-1B24-4952-AB44-3A2AAF6522F7}.Release|Any CPU.ActiveCfg = Release|Any CPU
		{3045837F-1B24-4952-AB44-3A2AAF6522F7}.Release|Any CPU.Build.0 = Release|Any CPU
		{06C9559A-09B6-4BEC-AA81-6E552CD9B55F}.Debug|Any CPU.ActiveCfg = Debug|Any CPU
		{06C9559A-09B6-4BEC-AA81-6E552CD9B55F}.Debug|Any CPU.Build.0 = Debug|Any CPU
		{06C9559A-09B6-4BEC-AA81-6E552CD9B55F}.Release|Any CPU.ActiveCfg = Release|Any CPU
		{06C9559A-09B6-4BEC-AA81-6E552CD9B55F}.Release|Any CPU.Build.0 = Release|Any CPU
		{5D6DF89C-3E95-41C2-B59F-39184E157F5A}.Debug|Any CPU.ActiveCfg = Debug|Any CPU
		{5D6DF89C-3E95-41C2-B59F-39184E157F5A}.Debug|Any CPU.Build.0 = Debug|Any CPU
		{5D6DF89C-3E95-41C2-B59F-39184E157F5A}.Release|Any CPU.ActiveCfg = Release|Any CPU
		{5D6DF89C-3E95-41C2-B59F-39184E157F5A}.Release|Any CPU.Build.0 = Release|Any CPU
	EndGlobalSection
	GlobalSection(SolutionProperties) = preSolution
		HideSolutionNode = FALSE
	EndGlobalSection
	GlobalSection(ExtensibilityGlobals) = postSolution
		SolutionGuid = {D798313F-CC94-4DFB-BD81-DF9DBB6A43D6}
	EndGlobalSection
EndGlobal
